
Microsoft Visual Studio Solution File, Format Version 12.00
# Visual Studio Version 17
VisualStudioVersion = 17.5.33627.172
MinimumVisualStudioVersion = 10.0.40219.1
Project("{9A19103F-16F7-4668-BE54-9A1E7A4F7556}") = "news-hogProj", "news-hogProj\news-hogProj.csproj", "{9966B7EC-D958-41B2-8138-1BCF199756E0}"
EndProject
Global
	GlobalSection(SolutionConfigurationPlatforms) = preSolution
		Debug|Any CPU = Debug|Any CPU
		Release|Any CPU = Release|Any CPU
	EndGlobalSection
	GlobalSection(ProjectConfigurationPlatforms) = postSolution
		{9966B7EC-D958-41B2-8138-1BCF199756E0}.Debug|Any CPU.ActiveCfg = Debug|Any CPU
		{9966B7EC-D958-41B2-8138-1BCF199756E0}.Debug|Any CPU.Build.0 = Debug|Any CPU
		{9966B7EC-D958-41B2-8138-1BCF199756E0}.Release|Any CPU.ActiveCfg = Release|Any CPU
		{9966B7EC-D958-41B2-8138-1BCF199756E0}.Release|Any CPU.Build.0 = Release|Any CPU
	EndGlobalSection
	GlobalSection(SolutionProperties) = preSolution
		HideSolutionNode = FALSE
	EndGlobalSection
	GlobalSection(ExtensibilityGlobals) = postSolution
		SolutionGuid = {3DA2C39C-2DAE-4E24-BD61-4777B78927B1}
	EndGlobalSection
EndGlobal
